// !$*UTF8*$!
{
	archiveVersion = 1;
	classes = {
	};
	objectVersion = 50;
	objects = {

/* Begin PBXBuildFile section */
		1BA570B421DADD1000148F8E /* EntryListTableViewController.swift in Sources */ = {isa = PBXBuildFile; fileRef = 1BA570B321DADD1000148F8E /* EntryListTableViewController.swift */; };
		1BA570B621DAE11D00148F8E /* EntryDetailViewController.swift in Sources */ = {isa = PBXBuildFile; fileRef = 1BA570B521DAE11D00148F8E /* EntryDetailViewController.swift */; };
		1BC4D08721D9E2800021DADD /* AppDelegate.swift in Sources */ = {isa = PBXBuildFile; fileRef = 1BC4D08621D9E2800021DADD /* AppDelegate.swift */; };
		1BC4D08C21D9E2800021DADD /* Main.storyboard in Resources */ = {isa = PBXBuildFile; fileRef = 1BC4D08A21D9E2800021DADD /* Main.storyboard */; };
		1BC4D08E21D9E2810021DADD /* Assets.xcassets in Resources */ = {isa = PBXBuildFile; fileRef = 1BC4D08D21D9E2810021DADD /* Assets.xcassets */; };
		1BC4D09121D9E2810021DADD /* LaunchScreen.storyboard in Resources */ = {isa = PBXBuildFile; fileRef = 1BC4D08F21D9E2810021DADD /* LaunchScreen.storyboard */; };
		1BC4D09C21D9E33E0021DADD /* Entry.swift in Sources */ = {isa = PBXBuildFile; fileRef = 1BC4D09B21D9E33E0021DADD /* Entry.swift */; };
		1BC4D0A021D9E36C0021DADD /* CloudKit.framework in Frameworks */ = {isa = PBXBuildFile; fileRef = 1BC4D09F21D9E36C0021DADD /* CloudKit.framework */; };
		1BC4D0A221D9E9DE0021DADD /* EntryController.swift in Sources */ = {isa = PBXBuildFile; fileRef = 1BC4D0A121D9E9DE0021DADD /* EntryController.swift */; };
/* End PBXBuildFile section */

/* Begin PBXFileReference section */
		1BA570B321DADD1000148F8E /* EntryListTableViewController.swift */ = {isa = PBXFileReference; lastKnownFileType = sourcecode.swift; path = EntryListTableViewController.swift; sourceTree = "<group>"; };
		1BA570B521DAE11D00148F8E /* EntryDetailViewController.swift */ = {isa = PBXFileReference; lastKnownFileType = sourcecode.swift; path = EntryDetailViewController.swift; sourceTree = "<group>"; };
		1BC4D08321D9E2800021DADD /* JournalCloudKit.app */ = {isa = PBXFileReference; explicitFileType = wrapper.application; includeInIndex = 0; path = JournalCloudKit.app; sourceTree = BUILT_PRODUCTS_DIR; };
		1BC4D08621D9E2800021DADD /* AppDelegate.swift */ = {isa = PBXFileReference; lastKnownFileType = sourcecode.swift; path = AppDelegate.swift; sourceTree = "<group>"; };
		1BC4D08B21D9E2800021DADD /* Base */ = {isa = PBXFileReference; lastKnownFileType = file.storyboard; name = Base; path = Base.lproj/Main.storyboard; sourceTree = "<group>"; };
		1BC4D08D21D9E2810021DADD /* Assets.xcassets */ = {isa = PBXFileReference; lastKnownFileType = folder.assetcatalog; path = Assets.xcassets; sourceTree = "<group>"; };
		1BC4D09021D9E2810021DADD /* Base */ = {isa = PBXFileReference; lastKnownFileType = file.storyboard; name = Base; path = Base.lproj/LaunchScreen.storyboard; sourceTree = "<group>"; };
		1BC4D09221D9E2810021DADD /* Info.plist */ = {isa = PBXFileReference; lastKnownFileType = text.plist.xml; path = Info.plist; sourceTree = "<group>"; };
		1BC4D09B21D9E33E0021DADD /* Entry.swift */ = {isa = PBXFileReference; lastKnownFileType = sourcecode.swift; path = Entry.swift; sourceTree = "<group>"; };
		1BC4D09D21D9E36A0021DADD /* JournalCloudKit.entitlements */ = {isa = PBXFileReference; lastKnownFileType = text.plist.entitlements; path = JournalCloudKit.entitlements; sourceTree = "<group>"; };
		1BC4D09F21D9E36C0021DADD /* CloudKit.framework */ = {isa = PBXFileReference; lastKnownFileType = wrapper.framework; name = CloudKit.framework; path = System/Library/Frameworks/CloudKit.framework; sourceTree = SDKROOT; };
		1BC4D0A121D9E9DE0021DADD /* EntryController.swift */ = {isa = PBXFileReference; lastKnownFileType = sourcecode.swift; path = EntryController.swift; sourceTree = "<group>"; };
/* End PBXFileReference section */

/* Begin PBXFrameworksBuildPhase section */
		1BC4D08021D9E2800021DADD /* Frameworks */ = {
			isa = PBXFrameworksBuildPhase;
			buildActionMask = 2147483647;
			files = (
				1BC4D0A021D9E36C0021DADD /* CloudKit.framework in Frameworks */,
			);
			runOnlyForDeploymentPostprocessing = 0;
		};
/* End PBXFrameworksBuildPhase section */

/* Begin PBXGroup section */
		1BA570B221DADCF900148F8E /* View Controllers */ = {
			isa = PBXGroup;
			children = (
				1BA570B321DADD1000148F8E /* EntryListTableViewController.swift */,
				1BA570B521DAE11D00148F8E /* EntryDetailViewController.swift */,
			);
			path = "View Controllers";
			sourceTree = "<group>";
		};
		1BC4D07A21D9E2800021DADD = {
			isa = PBXGroup;
			children = (
				1BC4D08521D9E2800021DADD /* JournalCloudKit */,
				1BC4D08421D9E2800021DADD /* Products */,
				1BC4D09E21D9E36C0021DADD /* Frameworks */,
			);
			sourceTree = "<group>";
		};
		1BC4D08421D9E2800021DADD /* Products */ = {
			isa = PBXGroup;
			children = (
				1BC4D08321D9E2800021DADD /* JournalCloudKit.app */,
			);
			name = Products;
			sourceTree = "<group>";
		};
		1BC4D08521D9E2800021DADD /* JournalCloudKit */ = {
			isa = PBXGroup;
			children = (
				1BC4D09D21D9E36A0021DADD /* JournalCloudKit.entitlements */,
				1BC4D09A21D9E2CF0021DADD /* Model */,
				1BC4D0A321D9E9E20021DADD /* Model Controllers */,
				1BA570B221DADCF900148F8E /* View Controllers */,
				1BC4D09821D9E29A0021DADD /* UI */,
				1BC4D09921D9E2B00021DADD /* Resources */,
			);
			path = JournalCloudKit;
			sourceTree = "<group>";
		};
		1BC4D09821D9E29A0021DADD /* UI */ = {
			isa = PBXGroup;
			children = (
				1BC4D08A21D9E2800021DADD /* Main.storyboard */,
				1BC4D08F21D9E2810021DADD /* LaunchScreen.storyboard */,
			);
			path = UI;
			sourceTree = "<group>";
		};
		1BC4D09921D9E2B00021DADD /* Resources */ = {
			isa = PBXGroup;
			children = (
				1BC4D08621D9E2800021DADD /* AppDelegate.swift */,
				1BC4D08D21D9E2810021DADD /* Assets.xcassets */,
				1BC4D09221D9E2810021DADD /* Info.plist */,
			);
			path = Resources;
			sourceTree = "<group>";
		};
		1BC4D09A21D9E2CF0021DADD /* Model */ = {
			isa = PBXGroup;
			children = (
				1BC4D09B21D9E33E0021DADD /* Entry.swift */,
			);
			path = Model;
			sourceTree = "<group>";
		};
		1BC4D09E21D9E36C0021DADD /* Frameworks */ = {
			isa = PBXGroup;
			children = (
				1BC4D09F21D9E36C0021DADD /* CloudKit.framework */,
			);
			name = Frameworks;
			sourceTree = "<group>";
		};
		1BC4D0A321D9E9E20021DADD /* Model Controllers */ = {
			isa = PBXGroup;
			children = (
				1BC4D0A121D9E9DE0021DADD /* EntryController.swift */,
			);
			path = "Model Controllers";
			sourceTree = "<group>";
		};
/* End PBXGroup section */

/* Begin PBXNativeTarget section */
		1BC4D08221D9E2800021DADD /* JournalCloudKit */ = {
			isa = PBXNativeTarget;
			buildConfigurationList = 1BC4D09521D9E2810021DADD /* Build configuration list for PBXNativeTarget "JournalCloudKit" */;
			buildPhases = (
				1BC4D07F21D9E2800021DADD /* Sources */,
				1BC4D08021D9E2800021DADD /* Frameworks */,
				1BC4D08121D9E2800021DADD /* Resources */,
			);
			buildRules = (
			);
			dependencies = (
			);
			name = JournalCloudKit;
			productName = JournalCloudKit;
			productReference = 1BC4D08321D9E2800021DADD /* JournalCloudKit.app */;
			productType = "com.apple.product-type.application";
		};
/* End PBXNativeTarget section */

/* Begin PBXProject section */
		1BC4D07B21D9E2800021DADD /* Project object */ = {
			isa = PBXProject;
			attributes = {
				LastSwiftUpdateCheck = 1010;
				LastUpgradeCheck = 1010;
				ORGANIZATIONNAME = "Steve Lederer";
				TargetAttributes = {
					1BC4D08221D9E2800021DADD = {
						CreatedOnToolsVersion = 10.1;
						SystemCapabilities = {
							com.apple.Push = {
								enabled = 1;
							};
							com.apple.iCloud = {
								enabled = 1;
							};
						};
					};
				};
			};
			buildConfigurationList = 1BC4D07E21D9E2800021DADD /* Build configuration list for PBXProject "JournalCloudKit" */;
			compatibilityVersion = "Xcode 9.3";
			developmentRegion = en;
			hasScannedForEncodings = 0;
			knownRegions = (
				en,
				Base,
			);
			mainGroup = 1BC4D07A21D9E2800021DADD;
			productRefGroup = 1BC4D08421D9E2800021DADD /* Products */;
			projectDirPath = "";
			projectRoot = "";
			targets = (
				1BC4D08221D9E2800021DADD /* JournalCloudKit */,
			);
		};
/* End PBXProject section */

/* Begin PBXResourcesBuildPhase section */
		1BC4D08121D9E2800021DADD /* Resources */ = {
			isa = PBXResourcesBuildPhase;
			buildActionMask = 2147483647;
			files = (
				1BC4D09121D9E2810021DADD /* LaunchScreen.storyboard in Resources */,
				1BC4D08E21D9E2810021DADD /* Assets.xcassets in Resources */,
				1BC4D08C21D9E2800021DADD /* Main.storyboard in Resources */,
			);
			runOnlyForDeploymentPostprocessing = 0;
		};
/* End PBXResourcesBuildPhase section */

/* Begin PBXSourcesBuildPhase section */
		1BC4D07F21D9E2800021DADD /* Sources */ = {
			isa = PBXSourcesBuildPhase;
			buildActionMask = 2147483647;
			files = (
				1BC4D0A221D9E9DE0021DADD /* EntryController.swift in Sources */,
				1BC4D09C21D9E33E0021DADD /* Entry.swift in Sources */,
				1BA570B421DADD1000148F8E /* EntryListTableViewController.swift in Sources */,
				1BA570B621DAE11D00148F8E /* EntryDetailViewController.swift in Sources */,
				1BC4D08721D9E2800021DADD /* AppDelegate.swift in Sources */,
			);
			runOnlyForDeploymentPostprocessing = 0;
		};
/* End PBXSourcesBuildPhase section */

/* Begin PBXVariantGroup section */
		1BC4D08A21D9E2800021DADD /* Main.storyboard */ = {
			isa = PBXVariantGroup;
			children = (
				1BC4D08B21D9E2800021DADD /* Base */,
			);
			name = Main.storyboard;
			sourceTree = "<group>";
		};
		1BC4D08F21D9E2810021DADD /* LaunchScreen.storyboard */ = {
			isa = PBXVariantGroup;
			children = (
				1BC4D09021D9E2810021DADD /* Base */,
			);
			name = LaunchScreen.storyboard;
			sourceTree = "<group>";
		};
/* End PBXVariantGroup section */

/* Begin XCBuildConfiguration section */
		1BC4D09321D9E2810021DADD /* Debug */ = {
			isa = XCBuildConfiguration;
			buildSettings = {
				ALWAYS_SEARCH_USER_PATHS = NO;
				CLANG_ANALYZER_NONNULL = YES;
				CLANG_ANALYZER_NUMBER_OBJECT_CONVERSION = YES_AGGRESSIVE;
				CLANG_CXX_LANGUAGE_STANDARD = "gnu++14";
				CLANG_CXX_LIBRARY = "libc++";
				CLANG_ENABLE_MODULES = YES;
				CLANG_ENABLE_OBJC_ARC = YES;
				CLANG_ENABLE_OBJC_WEAK = YES;
				CLANG_WARN_BLOCK_CAPTURE_AUTORELEASING = YES;
				CLANG_WARN_BOOL_CONVERSION = YES;
				CLANG_WARN_COMMA = YES;
				CLANG_WARN_CONSTANT_CONVERSION = YES;
				CLANG_WARN_DEPRECATED_OBJC_IMPLEMENTATIONS = YES;
				CLANG_WARN_DIRECT_OBJC_ISA_USAGE = YES_ERROR;
				CLANG_WARN_DOCUMENTATION_COMMENTS = YES;
				CLANG_WARN_EMPTY_BODY = YES;
				CLANG_WARN_ENUM_CONVERSION = YES;
				CLANG_WARN_INFINITE_RECURSION = YES;
				CLANG_WARN_INT_CONVERSION = YES;
				CLANG_WARN_NON_LITERAL_NULL_CONVERSION = YES;
				CLANG_WARN_OBJC_IMPLICIT_RETAIN_SELF = YES;
				CLANG_WARN_OBJC_LITERAL_CONVERSION = YES;
				CLANG_WARN_OBJC_ROOT_CLASS = YES_ERROR;
				CLANG_WARN_RANGE_LOOP_ANALYSIS = YES;
				CLANG_WARN_STRICT_PROTOTYPES = YES;
				CLANG_WARN_SUSPICIOUS_MOVE = YES;
				CLANG_WARN_UNGUARDED_AVAILABILITY = YES_AGGRESSIVE;
				CLANG_WARN_UNREACHABLE_CODE = YES;
				CLANG_WARN__DUPLICATE_METHOD_MATCH = YES;
				CODE_SIGN_IDENTITY = "iPhone Developer";
				COPY_PHASE_STRIP = NO;
				DEBUG_INFORMATION_FORMAT = dwarf;
				ENABLE_STRICT_OBJC_MSGSEND = YES;
				ENABLE_TESTABILITY = YES;
				GCC_C_LANGUAGE_STANDARD = gnu11;
				GCC_DYNAMIC_NO_PIC = NO;
				GCC_NO_COMMON_BLOCKS = YES;
				GCC_OPTIMIZATION_LEVEL = 0;
				GCC_PREPROCESSOR_DEFINITIONS = (
					"DEBUG=1",
					"$(inherited)",
				);
				GCC_WARN_64_TO_32_BIT_CONVERSION = YES;
				GCC_WARN_ABOUT_RETURN_TYPE = YES_ERROR;
				GCC_WARN_UNDECLARED_SELECTOR = YES;
				GCC_WARN_UNINITIALIZED_AUTOS = YES_AGGRESSIVE;
				GCC_WARN_UNUSED_FUNCTION = YES;
				GCC_WARN_UNUSED_VARIABLE = YES;
				IPHONEOS_DEPLOYMENT_TARGET = 12.1;
				MTL_ENABLE_DEBUG_INFO = INCLUDE_SOURCE;
				MTL_FAST_MATH = YES;
				ONLY_ACTIVE_ARCH = YES;
				SDKROOT = iphoneos;
				SWIFT_ACTIVE_COMPILATION_CONDITIONS = DEBUG;
				SWIFT_OPTIMIZATION_LEVEL = "-Onone";
			};
			name = Debug;
		};
		1BC4D09421D9E2810021DADD /* Release */ = {
			isa = XCBuildConfiguration;
			buildSettings = {
				ALWAYS_SEARCH_USER_PATHS = NO;
				CLANG_ANALYZER_NONNULL = YES;
				CLANG_ANALYZER_NUMBER_OBJECT_CONVERSION = YES_AGGRESSIVE;
				CLANG_CXX_LANGUAGE_STANDARD = "gnu++14";
				CLANG_CXX_LIBRARY = "libc++";
				CLANG_ENABLE_MODULES = YES;
				CLANG_ENABLE_OBJC_ARC = YES;
				CLANG_ENABLE_OBJC_WEAK = YES;
				CLANG_WARN_BLOCK_CAPTURE_AUTORELEASING = YES;
				CLANG_WARN_BOOL_CONVERSION = YES;
				CLANG_WARN_COMMA = YES;
				CLANG_WARN_CONSTANT_CONVERSION = YES;
				CLANG_WARN_DEPRECATED_OBJC_IMPLEMENTATIONS = YES;
				CLANG_WARN_DIRECT_OBJC_ISA_USAGE = YES_ERROR;
				CLANG_WARN_DOCUMENTATION_COMMENTS = YES;
				CLANG_WARN_EMPTY_BODY = YES;
				CLANG_WARN_ENUM_CONVERSION = YES;
				CLANG_WARN_INFINITE_RECURSION = YES;
				CLANG_WARN_INT_CONVERSION = YES;
				CLANG_WARN_NON_LITERAL_NULL_CONVERSION = YES;
				CLANG_WARN_OBJC_IMPLICIT_RETAIN_SELF = YES;
				CLANG_WARN_OBJC_LITERAL_CONVERSION = YES;
				CLANG_WARN_OBJC_ROOT_CLASS = YES_ERROR;
				CLANG_WARN_RANGE_LOOP_ANALYSIS = YES;
				CLANG_WARN_STRICT_PROTOTYPES = YES;
				CLANG_WARN_SUSPICIOUS_MOVE = YES;
				CLANG_WARN_UNGUARDED_AVAILABILITY = YES_AGGRESSIVE;
				CLANG_WARN_UNREACHABLE_CODE = YES;
				CLANG_WARN__DUPLICATE_METHOD_MATCH = YES;
				CODE_SIGN_IDENTITY = "iPhone Developer";
				COPY_PHASE_STRIP = NO;
				DEBUG_INFORMATION_FORMAT = "dwarf-with-dsym";
				ENABLE_NS_ASSERTIONS = NO;
				ENABLE_STRICT_OBJC_MSGSEND = YES;
				GCC_C_LANGUAGE_STANDARD = gnu11;
				GCC_NO_COMMON_BLOCKS = YES;
				GCC_WARN_64_TO_32_BIT_CONVERSION = YES;
				GCC_WARN_ABOUT_RETURN_TYPE = YES_ERROR;
				GCC_WARN_UNDECLARED_SELECTOR = YES;
				GCC_WARN_UNINITIALIZED_AUTOS = YES_AGGRESSIVE;
				GCC_WARN_UNUSED_FUNCTION = YES;
				GCC_WARN_UNUSED_VARIABLE = YES;
				IPHONEOS_DEPLOYMENT_TARGET = 12.1;
				MTL_ENABLE_DEBUG_INFO = NO;
				MTL_FAST_MATH = YES;
				SDKROOT = iphoneos;
				SWIFT_COMPILATION_MODE = wholemodule;
				SWIFT_OPTIMIZATION_LEVEL = "-O";
				VALIDATE_PRODUCT = YES;
			};
			name = Release;
		};
		1BC4D09621D9E2810021DADD /* Debug */ = {
			isa = XCBuildConfiguration;
			buildSettings = {
				ASSETCATALOG_COMPILER_APPICON_NAME = AppIcon;
				CODE_SIGN_ENTITLEMENTS = JournalCloudKit/JournalCloudKit.entitlements;
				CODE_SIGN_STYLE = Automatic;
				DEVELOPMENT_TEAM = 56CLV9J785;
				INFOPLIST_FILE = "$(SRCROOT)/JournalCloudKit/Resources/Info.plist";
				LD_RUNPATH_SEARCH_PATHS = (
					"$(inherited)",
					"@executable_path/Frameworks",
				);
				PRODUCT_BUNDLE_IDENTIFIER = com.stevelederer.JournalCloudKit2;
				PRODUCT_NAME = "$(TARGET_NAME)";
				SWIFT_VERSION = 4.2;
				TARGETED_DEVICE_FAMILY = "1,2";
			};
			name = Debug;
		};
		1BC4D09721D9E2810021DADD /* Release */ = {
			isa = XCBuildConfiguration;
			buildSettings = {
				ASSETCATALOG_COMPILER_APPICON_NAME = AppIcon;
				CODE_SIGN_ENTITLEMENTS = JournalCloudKit/JournalCloudKit.entitlements;
				CODE_SIGN_STYLE = Automatic;
				DEVELOPMENT_TEAM = 56CLV9J785;
				INFOPLIST_FILE = "$(SRCROOT)/JournalCloudKit/Resources/Info.plist";
				LD_RUNPATH_SEARCH_PATHS = (
					"$(inherited)",
					"@executable_path/Frameworks",
				);
				PRODUCT_BUNDLE_IDENTIFIER = com.stevelederer.JournalCloudKit2;
				PRODUCT_NAME = "$(TARGET_NAME)";
				SWIFT_VERSION = 4.2;
				TARGETED_DEVICE_FAMILY = "1,2";
			};
			name = Release;
		};
/* End XCBuildConfiguration section */

/* Begin XCConfigurationList section */
		1BC4D07E21D9E2800021DADD /* Build configuration list for PBXProject "JournalCloudKit" */ = {
			isa = XCConfigurationList;
			buildConfigurations = (
				1BC4D09321D9E2810021DADD /* Debug */,
				1BC4D09421D9E2810021DADD /* Release */,
			);
			defaultConfigurationIsVisible = 0;
			defaultConfigurationName = Release;
		};
		1BC4D09521D9E2810021DADD /* Build configuration list for PBXNativeTarget "JournalCloudKit" */ = {
			isa = XCConfigurationList;
			buildConfigurations = (
				1BC4D09621D9E2810021DADD /* Debug */,
				1BC4D09721D9E2810021DADD /* Release */,
			);
			defaultConfigurationIsVisible = 0;
			defaultConfigurationName = Release;
		};
/* End XCConfigurationList section */
	};
	rootObject = 1BC4D07B21D9E2800021DADD /* Project object */;
}
